
Microsoft Visual Studio Solution File, Format Version 12.00
# Visual Studio Version 16
VisualStudioVersion = 16.0.31019.35
MinimumVisualStudioVersion = 10.0.40219.1
Project("{FAE04EC0-301F-11D3-BF4B-00C04F79EFBC}") = "PhotoPOD", "PhotoPOD\PhotoPOD.csproj", "{BE6142B3-9BCC-47C9-994C-637074C7A9CF}"
EndProject
Project("{FAE04EC0-301F-11D3-BF4B-00C04F79EFBC}") = "PhotoPOD.Android", "PhotoPOD.Android\PhotoPOD.Android.csproj", "{F6C8AC76-1E34-44BB-88BD-B52FC2259E8A}"
EndProject
Project("{FAE04EC0-301F-11D3-BF4B-00C04F79EFBC}") = "PhotoPOD.iOS", "PhotoPOD.iOS\PhotoPOD.iOS.csproj", "{53BFE2BC-ADF0-4221-9313-629F49EBA752}"
EndProject
Project("{FAE04EC0-301F-11D3-BF4B-00C04F79EFBC}") = "PhotoPOD.UWP", "PhotoPOD.UWP\PhotoPOD.UWP.csproj", "{F85CA97B-B714-4148-B82D-AB0208201935}"
EndProject
Global
	GlobalSection(SolutionConfigurationPlatforms) = preSolution
		Ad-Hoc|Any CPU = Ad-Hoc|Any CPU
		Ad-Hoc|ARM = Ad-Hoc|ARM
		Ad-Hoc|iPhone = Ad-Hoc|iPhone
		Ad-Hoc|iPhoneSimulator = Ad-Hoc|iPhoneSimulator
		Ad-Hoc|x64 = Ad-Hoc|x64
		Ad-Hoc|x86 = Ad-Hoc|x86
		AppStore|Any CPU = AppStore|Any CPU
		AppStore|ARM = AppStore|ARM
		AppStore|iPhone = AppStore|iPhone
		AppStore|iPhoneSimulator = AppStore|iPhoneSimulator
		AppStore|x64 = AppStore|x64
		AppStore|x86 = AppStore|x86
		Debug|Any CPU = Debug|Any CPU
		Debug|ARM = Debug|ARM
		Debug|iPhone = Debug|iPhone
		Debug|iPhoneSimulator = Debug|iPhoneSimulator
		Debug|x64 = Debug|x64
		Debug|x86 = Debug|x86
		Release|Any CPU = Release|Any CPU
		Release|ARM = Release|ARM
		Release|iPhone = Release|iPhone
		Release|iPhoneSimulator = Release|iPhoneSimulator
		Release|x64 = Release|x64
		Release|x86 = Release|x86
	EndGlobalSection
	GlobalSection(ProjectConfigurationPlatforms) = postSolution
		{BE6142B3-9BCC-47C9-994C-637074C7A9CF}.Ad-Hoc|Any CPU.ActiveCfg = Debug|Any CPU
		{BE6142B3-9BCC-47C9-994C-637074C7A9CF}.Ad-Hoc|Any CPU.Build.0 = Debug|Any CPU
		{BE6142B3-9BCC-47C9-994C-637074C7A9CF}.Ad-Hoc|ARM.ActiveCfg = Debug|Any CPU
		{BE6142B3-9BCC-47C9-994C-637074C7A9CF}.Ad-Hoc|ARM.Build.0 = Debug|Any CPU
		{BE6142B3-9BCC-47C9-994C-637074C7A9CF}.Ad-Hoc|iPhone.ActiveCfg = Debug|Any CPU
		{BE6142B3-9BCC-47C9-994C-637074C7A9CF}.Ad-Hoc|iPhone.Build.0 = Debug|Any CPU
		{BE6142B3-9BCC-47C9-994C-637074C7A9CF}.Ad-Hoc|iPhoneSimulator.ActiveCfg = Debug|Any CPU
		{BE6142B3-9BCC-47C9-994C-637074C7A9CF}.Ad-Hoc|iPhoneSimulator.Build.0 = Debug|Any CPU
		{BE6142B3-9BCC-47C9-994C-637074C7A9CF}.Ad-Hoc|x64.ActiveCfg = Debug|Any CPU
		{BE6142B3-9BCC-47C9-994C-637074C7A9CF}.Ad-Hoc|x64.Build.0 = Debug|Any CPU
		{BE6142B3-9BCC-47C9-994C-637074C7A9CF}.Ad-Hoc|x86.ActiveCfg = Debug|Any CPU
		{BE6142B3-9BCC-47C9-994C-637074C7A9CF}.Ad-Hoc|x86.Build.0 = Debug|Any CPU
		{BE6142B3-9BCC-47C9-994C-637074C7A9CF}.AppStore|Any CPU.ActiveCfg = Debug|Any CPU
		{BE6142B3-9BCC-47C9-994C-637074C7A9CF}.AppStore|Any CPU.Build.0 = Debug|Any CPU
		{BE6142B3-9BCC-47C9-994C-637074C7A9CF}.AppStore|ARM.ActiveCfg = Debug|Any CPU
		{BE6142B3-9BCC-47C9-994C-637074C7A9CF}.AppStore|ARM.Build.0 = Debug|Any CPU
		{BE6142B3-9BCC-47C9-994C-637074C7A9CF}.AppStore|iPhone.ActiveCfg = Debug|Any CPU
		{BE6142B3-9BCC-47C9-994C-637074C7A9CF}.AppStore|iPhone.Build.0 = Debug|Any CPU
		{BE6142B3-9BCC-47C9-994C-637074C7A9CF}.AppStore|iPhoneSimulator.ActiveCfg = Debug|Any CPU
		{BE6142B3-9BCC-47C9-994C-637074C7A9CF}.AppStore|iPhoneSimulator.Build.0 = Debug|Any CPU
		{BE6142B3-9BCC-47C9-994C-637074C7A9CF}.AppStore|x64.ActiveCfg = Debug|Any CPU
		{BE6142B3-9BCC-47C9-994C-637074C7A9CF}.AppStore|x64.Build.0 = Debug|Any CPU
		{BE6142B3-9BCC-47C9-994C-637074C7A9CF}.AppStore|x86.ActiveCfg = Debug|Any CPU
		{BE6142B3-9BCC-47C9-994C-637074C7A9CF}.AppStore|x86.Build.0 = Debug|Any CPU
		{BE6142B3-9BCC-47C9-994C-637074C7A9CF}.Debug|Any CPU.ActiveCfg = Debug|Any CPU
		{BE6142B3-9BCC-47C9-994C-637074C7A9CF}.Debug|Any CPU.Build.0 = Debug|Any CPU
		{BE6142B3-9BCC-47C9-994C-637074C7A9CF}.Debug|ARM.ActiveCfg = Debug|Any CPU
		{BE6142B3-9BCC-47C9-994C-637074C7A9CF}.Debug|ARM.Build.0 = Debug|Any CPU
		{BE6142B3-9BCC-47C9-994C-637074C7A9CF}.Debug|iPhone.ActiveCfg = Debug|Any CPU
		{BE6142B3-9BCC-47C9-994C-637074C7A9CF}.Debug|iPhone.Build.0 = Debug|Any CPU
		{BE6142B3-9BCC-47C9-994C-637074C7A9CF}.Debug|iPhoneSimulator.ActiveCfg = Debug|Any CPU
		{BE6142B3-9BCC-47C9-994C-637074C7A9CF}.Debug|iPhoneSimulator.Build.0 = Debug|Any CPU
		{BE6142B3-9BCC-47C9-994C-637074C7A9CF}.Debug|x64.ActiveCfg = Debug|Any CPU
		{BE6142B3-9BCC-47C9-994C-637074C7A9CF}.Debug|x64.Build.0 = Debug|Any CPU
		{BE6142B3-9BCC-47C9-994C-637074C7A9CF}.Debug|x86.ActiveCfg = Debug|Any CPU
		{BE6142B3-9BCC-47C9-994C-637074C7A9CF}.Debug|x86.Build.0 = Debug|Any CPU
		{BE6142B3-9BCC-47C9-994C-637074C7A9CF}.Release|Any CPU.ActiveCfg = Release|Any CPU
		{BE6142B3-9BCC-47C9-994C-637074C7A9CF}.Release|Any CPU.Build.0 = Release|Any CPU
		{BE6142B3-9BCC-47C9-994C-637074C7A9CF}.Release|ARM.ActiveCfg = Release|Any CPU
		{BE6142B3-9BCC-47C9-994C-637074C7A9CF}.Release|ARM.Build.0 = Release|Any CPU
		{BE6142B3-9BCC-47C9-994C-637074C7A9CF}.Release|iPhone.ActiveCfg = Release|Any CPU
		{BE6142B3-9BCC-47C9-994C-637074C7A9CF}.Release|iPhone.Build.0 = Release|Any CPU
		{BE6142B3-9BCC-47C9-994C-637074C7A9CF}.Release|iPhoneSimulator.ActiveCfg = Release|Any CPU
		{BE6142B3-9BCC-47C9-994C-637074C7A9CF}.Release|iPhoneSimulator.Build.0 = Release|Any CPU
		{BE6142B3-9BCC-47C9-994C-637074C7A9CF}.Release|x64.ActiveCfg = Release|Any CPU
		{BE6142B3-9BCC-47C9-994C-637074C7A9CF}.Release|x64.Build.0 = Release|Any CPU
		{BE6142B3-9BCC-47C9-994C-637074C7A9CF}.Release|x86.ActiveCfg = Release|Any CPU
		{BE6142B3-9BCC-47C9-994C-637074C7A9CF}.Release|x86.Build.0 = Release|Any CPU
		{F6C8AC76-1E34-44BB-88BD-B52FC2259E8A}.Ad-Hoc|Any CPU.ActiveCfg = Debug|Any CPU
		{F6C8AC76-1E34-44BB-88BD-B52FC2259E8A}.Ad-Hoc|Any CPU.Build.0 = Debug|Any CPU
		{F6C8AC76-1E34-44BB-88BD-B52FC2259E8A}.Ad-Hoc|Any CPU.Deploy.0 = Debug|Any CPU
		{F6C8AC76-1E34-44BB-88BD-B52FC2259E8A}.Ad-Hoc|ARM.ActiveCfg = Debug|Any CPU
		{F6C8AC76-1E34-44BB-88BD-B52FC2259E8A}.Ad-Hoc|ARM.Build.0 = Debug|Any CPU
		{F6C8AC76-1E34-44BB-88BD-B52FC2259E8A}.Ad-Hoc|ARM.Deploy.0 = Debug|Any CPU
		{F6C8AC76-1E34-44BB-88BD-B52FC2259E8A}.Ad-Hoc|iPhone.ActiveCfg = Debug|Any CPU
		{F6C8AC76-1E34-44BB-88BD-B52FC2259E8A}.Ad-Hoc|iPhone.Build.0 = Debug|Any CPU
		{F6C8AC76-1E34-44BB-88BD-B52FC2259E8A}.Ad-Hoc|iPhone.Deploy.0 = Debug|Any CPU
		{F6C8AC76-1E34-44BB-88BD-B52FC2259E8A}.Ad-Hoc|iPhoneSimulator.ActiveCfg = Debug|Any CPU
		{F6C8AC76-1E34-44BB-88BD-B52FC2259E8A}.Ad-Hoc|iPhoneSimulator.Build.0 = Debug|Any CPU
		{F6C8AC76-1E34-44BB-88BD-B52FC2259E8A}.Ad-Hoc|iPhoneSimulator.Deploy.0 = Debug|Any CPU
		{F6C8AC76-1E34-44BB-88BD-B52FC2259E8A}.Ad-Hoc|x64.ActiveCfg = Debug|Any CPU
		{F6C8AC76-1E34-44BB-88BD-B52FC2259E8A}.Ad-Hoc|x64.Build.0 = Debug|Any CPU
		{F6C8AC76-1E34-44BB-88BD-B52FC2259E8A}.Ad-Hoc|x64.Deploy.0 = Debug|Any CPU
		{F6C8AC76-1E34-44BB-88BD-B52FC2259E8A}.Ad-Hoc|x86.ActiveCfg = Debug|Any CPU
		{F6C8AC76-1E34-44BB-88BD-B52FC2259E8A}.Ad-Hoc|x86.Build.0 = Debug|Any CPU
		{F6C8AC76-1E34-44BB-88BD-B52FC2259E8A}.Ad-Hoc|x86.Deploy.0 = Debug|Any CPU
		{F6C8AC76-1E34-44BB-88BD-B52FC2259E8A}.AppStore|Any CPU.ActiveCfg = Debug|Any CPU
		{F6C8AC76-1E34-44BB-88BD-B52FC2259E8A}.AppStore|Any CPU.Build.0 = Debug|Any CPU
		{F6C8AC76-1E34-44BB-88BD-B52FC2259E8A}.AppStore|Any CPU.Deploy.0 = Debug|Any CPU
		{F6C8AC76-1E34-44BB-88BD-B52FC2259E8A}.AppStore|ARM.ActiveCfg = Debug|Any CPU
		{F6C8AC76-1E34-44BB-88BD-B52FC2259E8A}.AppStore|ARM.Build.0 = Debug|Any CPU
		{F6C8AC76-1E34-44BB-88BD-B52FC2259E8A}.AppStore|ARM.Deploy.0 = Debug|Any CPU
		{F6C8AC76-1E34-44BB-88BD-B52FC2259E8A}.AppStore|iPhone.ActiveCfg = Debug|Any CPU
		{F6C8AC76-1E34-44BB-88BD-B52FC2259E8A}.AppStore|iPhone.Build.0 = Debug|Any CPU
		{F6C8AC76-1E34-44BB-88BD-B52FC2259E8A}.AppStore|iPhone.Deploy.0 = Debug|Any CPU
		{F6C8AC76-1E34-44BB-88BD-B52FC2259E8A}.AppStore|iPhoneSimulator.ActiveCfg = Debug|Any CPU
		{F6C8AC76-1E34-44BB-88BD-B52FC2259E8A}.AppStore|iPhoneSimulator.Build.0 = Debug|Any CPU
		{F6C8AC76-1E34-44BB-88BD-B52FC2259E8A}.AppStore|iPhoneSimulator.Deploy.0 = Debug|Any CPU
		{F6C8AC76-1E34-44BB-88BD-B52FC2259E8A}.AppStore|x64.ActiveCfg = Debug|Any CPU
		{F6C8AC76-1E34-44BB-88BD-B52FC2259E8A}.AppStore|x64.Build.0 = Debug|Any CPU
		{F6C8AC76-1E34-44BB-88BD-B52FC2259E8A}.AppStore|x64.Deploy.0 = Debug|Any CPU
		{F6C8AC76-1E34-44BB-88BD-B52FC2259E8A}.AppStore|x86.ActiveCfg = Debug|Any CPU
		{F6C8AC76-1E34-44BB-88BD-B52FC2259E8A}.AppStore|x86.Build.0 = Debug|Any CPU
		{F6C8AC76-1E34-44BB-88BD-B52FC2259E8A}.AppStore|x86.Deploy.0 = Debug|Any CPU
		{F6C8AC76-1E34-44BB-88BD-B52FC2259E8A}.Debug|Any CPU.ActiveCfg = Debug|Any CPU
		{F6C8AC76-1E34-44BB-88BD-B52FC2259E8A}.Debug|Any CPU.Build.0 = Debug|Any CPU
		{F6C8AC76-1E34-44BB-88BD-B52FC2259E8A}.Debug|Any CPU.Deploy.0 = Debug|Any CPU
		{F6C8AC76-1E34-44BB-88BD-B52FC2259E8A}.Debug|ARM.ActiveCfg = Debug|Any CPU
		{F6C8AC76-1E34-44BB-88BD-B52FC2259E8A}.Debug|ARM.Build.0 = Debug|Any CPU
		{F6C8AC76-1E34-44BB-88BD-B52FC2259E8A}.Debug|ARM.Deploy.0 = Debug|Any CPU
		{F6C8AC76-1E34-44BB-88BD-B52FC2259E8A}.Debug|iPhone.ActiveCfg = Debug|Any CPU
		{F6C8AC76-1E34-44BB-88BD-B52FC2259E8A}.Debug|iPhone.Build.0 = Debug|Any CPU
		{F6C8AC76-1E34-44BB-88BD-B52FC2259E8A}.Debug|iPhone.Deploy.0 = Debug|Any CPU
		{F6C8AC76-1E34-44BB-88BD-B52FC2259E8A}.Debug|iPhoneSimulator.ActiveCfg = Debug|Any CPU
		{F6C8AC76-1E34-44BB-88BD-B52FC2259E8A}.Debug|iPhoneSimulator.Build.0 = Debug|Any CPU
		{F6C8AC76-1E34-44BB-88BD-B52FC2259E8A}.Debug|iPhoneSimulator.Deploy.0 = Debug|Any CPU
		{F6C8AC76-1E34-44BB-88BD-B52FC2259E8A}.Debug|x64.ActiveCfg = Debug|Any CPU
		{F6C8AC76-1E34-44BB-88BD-B52FC2259E8A}.Debug|x64.Build.0 = Debug|Any CPU
		{F6C8AC76-1E34-44BB-88BD-B52FC2259E8A}.Debug|x64.Deploy.0 = Debug|Any CPU
		{F6C8AC76-1E34-44BB-88BD-B52FC2259E8A}.Debug|x86.ActiveCfg = Debug|Any CPU
		{F6C8AC76-1E34-44BB-88BD-B52FC2259E8A}.Debug|x86.Build.0 = Debug|Any CPU
		{F6C8AC76-1E34-44BB-88BD-B52FC2259E8A}.Debug|x86.Deploy.0 = Debug|Any CPU
		{F6C8AC76-1E34-44BB-88BD-B52FC2259E8A}.Release|Any CPU.ActiveCfg = Release|Any CPU
		{F6C8AC76-1E34-44BB-88BD-B52FC2259E8A}.Release|Any CPU.Build.0 = Release|Any CPU
		{F6C8AC76-1E34-44BB-88BD-B52FC2259E8A}.Release|Any CPU.Deploy.0 = Release|Any CPU
		{F6C8AC76-1E34-44BB-88BD-B52FC2259E8A}.Release|ARM.ActiveCfg = Release|Any CPU
		{F6C8AC76-1E34-44BB-88BD-B52FC2259E8A}.Release|ARM.Build.0 = Release|Any CPU
		{F6C8AC76-1E34-44BB-88BD-B52FC2259E8A}.Release|ARM.Deploy.0 = Release|Any CPU
		{F6C8AC76-1E34-44BB-88BD-B52FC2259E8A}.Release|iPhone.ActiveCfg = Release|Any CPU
		{F6C8AC76-1E34-44BB-88BD-B52FC2259E8A}.Release|iPhone.Build.0 = Release|Any CPU
		{F6C8AC76-1E34-44BB-88BD-B52FC2259E8A}.Release|iPhone.Deploy.0 = Release|Any CPU
		{F6C8AC76-1E34-44BB-88BD-B52FC2259E8A}.Release|iPhoneSimulator.ActiveCfg = Release|Any CPU
		{F6C8AC76-1E34-44BB-88BD-B52FC2259E8A}.Release|iPhoneSimulator.Build.0 = Release|Any CPU
		{F6C8AC76-1E34-44BB-88BD-B52FC2259E8A}.Release|iPhoneSimulator.Deploy.0 = Release|Any CPU
		{F6C8AC76-1E34-44BB-88BD-B52FC2259E8A}.Release|x64.ActiveCfg = Release|Any CPU
		{F6C8AC76-1E34-44BB-88BD-B52FC2259E8A}.Release|x64.Build.0 = Release|Any CPU
		{F6C8AC76-1E34-44BB-88BD-B52FC2259E8A}.Release|x64.Deploy.0 = Release|Any CPU
		{F6C8AC76-1E34-44BB-88BD-B52FC2259E8A}.Release|x86.ActiveCfg = Release|Any CPU
		{F6C8AC76-1E34-44BB-88BD-B52FC2259E8A}.Release|x86.Build.0 = Release|Any CPU
		{F6C8AC76-1E34-44BB-88BD-B52FC2259E8A}.Release|x86.Deploy.0 = Release|Any CPU
		{53BFE2BC-ADF0-4221-9313-629F49EBA752}.Ad-Hoc|Any CPU.ActiveCfg = Ad-Hoc|iPhoneSimulator
		{53BFE2BC-ADF0-4221-9313-629F49EBA752}.Ad-Hoc|ARM.ActiveCfg = Ad-Hoc|iPhoneSimulator
		{53BFE2BC-ADF0-4221-9313-629F49EBA752}.Ad-Hoc|iPhone.ActiveCfg = Ad-Hoc|iPhone
		{53BFE2BC-ADF0-4221-9313-629F49EBA752}.Ad-Hoc|iPhone.Build.0 = Ad-Hoc|iPhone
		{53BFE2BC-ADF0-4221-9313-629F49EBA752}.Ad-Hoc|iPhoneSimulator.ActiveCfg = Ad-Hoc|iPhoneSimulator
		{53BFE2BC-ADF0-4221-9313-629F49EBA752}.Ad-Hoc|iPhoneSimulator.Build.0 = Ad-Hoc|iPhoneSimulator
		{53BFE2BC-ADF0-4221-9313-629F49EBA752}.Ad-Hoc|x64.ActiveCfg = Ad-Hoc|iPhoneSimulator
		{53BFE2BC-ADF0-4221-9313-629F49EBA752}.Ad-Hoc|x86.ActiveCfg = Ad-Hoc|iPhoneSimulator
		{53BFE2BC-ADF0-4221-9313-629F49EBA752}.AppStore|Any CPU.ActiveCfg = AppStore|iPhoneSimulator
		{53BFE2BC-ADF0-4221-9313-629F49EBA752}.AppStore|ARM.ActiveCfg = AppStore|iPhoneSimulator
		{53BFE2BC-ADF0-4221-9313-629F49EBA752}.AppStore|iPhone.ActiveCfg = AppStore|iPhone
		{53BFE2BC-ADF0-4221-9313-629F49EBA752}.AppStore|iPhone.Build.0 = AppStore|iPhone
		{53BFE2BC-ADF0-4221-9313-629F49EBA752}.AppStore|iPhoneSimulator.ActiveCfg = AppStore|iPhoneSimulator
		{53BFE2BC-ADF0-4221-9313-629F49EBA752}.AppStore|iPhoneSimulator.Build.0 = AppStore|iPhoneSimulator
		{53BFE2BC-ADF0-4221-9313-629F49EBA752}.AppStore|x64.ActiveCfg = AppStore|iPhoneSimulator
		{53BFE2BC-ADF0-4221-9313-629F49EBA752}.AppStore|x86.ActiveCfg = AppStore|iPhoneSimulator
		{53BFE2BC-ADF0-4221-9313-629F49EBA752}.Debug|Any CPU.ActiveCfg = Debug|iPhoneSimulator
		{53BFE2BC-ADF0-4221-9313-629F49EBA752}.Debug|ARM.ActiveCfg = Debug|iPhoneSimulator
		{53BFE2BC-ADF0-4221-9313-629F49EBA752}.Debug|iPhone.ActiveCfg = Debug|iPhone
		{53BFE2BC-ADF0-4221-9313-629F49EBA752}.Debug|iPhone.Build.0 = Debug|iPhone
		{53BFE2BC-ADF0-4221-9313-629F49EBA752}.Debug|iPhoneSimulator.ActiveCfg = Debug|iPhoneSimulator
		{53BFE2BC-ADF0-4221-9313-629F49EBA752}.Debug|iPhoneSimulator.Build.0 = Debug|iPhoneSimulator
		{53BFE2BC-ADF0-4221-9313-629F49EBA752}.Debug|x64.ActiveCfg = Debug|iPhoneSimulator
		{53BFE2BC-ADF0-4221-9313-629F49EBA752}.Debug|x86.ActiveCfg = Debug|iPhoneSimulator
		{53BFE2BC-ADF0-4221-9313-629F49EBA752}.Release|Any CPU.ActiveCfg = Release|iPhoneSimulator
		{53BFE2BC-ADF0-4221-9313-629F49EBA752}.Release|ARM.ActiveCfg = Release|iPhoneSimulator
		{53BFE2BC-ADF0-4221-9313-629F49EBA752}.Release|iPhone.ActiveCfg = Release|iPhone
		{53BFE2BC-ADF0-4221-9313-629F49EBA752}.Release|iPhone.Build.0 = Release|iPhone
		{53BFE2BC-ADF0-4221-9313-629F49EBA752}.Release|iPhoneSimulator.ActiveCfg = Release|iPhoneSimulator
		{53BFE2BC-ADF0-4221-9313-629F49EBA752}.Release|iPhoneSimulator.Build.0 = Release|iPhoneSimulator
		{53BFE2BC-ADF0-4221-9313-629F49EBA752}.Release|x64.ActiveCfg = Release|iPhoneSimulator
		{53BFE2BC-ADF0-4221-9313-629F49EBA752}.Release|x86.ActiveCfg = Release|iPhoneSimulator
		{F85CA97B-B714-4148-B82D-AB0208201935}.Ad-Hoc|Any CPU.ActiveCfg = Debug|ARM
		{F85CA97B-B714-4148-B82D-AB0208201935}.Ad-Hoc|Any CPU.Build.0 = Debug|ARM
		{F85CA97B-B714-4148-B82D-AB0208201935}.Ad-Hoc|Any CPU.Deploy.0 = Debug|ARM
		{F85CA97B-B714-4148-B82D-AB0208201935}.Ad-Hoc|ARM.ActiveCfg = Debug|ARM
		{F85CA97B-B714-4148-B82D-AB0208201935}.Ad-Hoc|ARM.Build.0 = Debug|ARM
		{F85CA97B-B714-4148-B82D-AB0208201935}.Ad-Hoc|ARM.Deploy.0 = Debug|ARM
		{F85CA97B-B714-4148-B82D-AB0208201935}.Ad-Hoc|iPhone.ActiveCfg = Debug|ARM
		{F85CA97B-B714-4148-B82D-AB0208201935}.Ad-Hoc|iPhone.Build.0 = Debug|ARM
		{F85CA97B-B714-4148-B82D-AB0208201935}.Ad-Hoc|iPhone.Deploy.0 = Debug|ARM
		{F85CA97B-B714-4148-B82D-AB0208201935}.Ad-Hoc|iPhoneSimulator.ActiveCfg = Debug|ARM
		{F85CA97B-B714-4148-B82D-AB0208201935}.Ad-Hoc|iPhoneSimulator.Build.0 = Debug|ARM
		{F85CA97B-B714-4148-B82D-AB0208201935}.Ad-Hoc|iPhoneSimulator.Deploy.0 = Debug|ARM
		{F85CA97B-B714-4148-B82D-AB0208201935}.Ad-Hoc|x64.ActiveCfg = Debug|x64
		{F85CA97B-B714-4148-B82D-AB0208201935}.Ad-Hoc|x64.Build.0 = Debug|x64
		{F85CA97B-B714-4148-B82D-AB0208201935}.Ad-Hoc|x64.Deploy.0 = Debug|x64
		{F85CA97B-B714-4148-B82D-AB0208201935}.Ad-Hoc|x86.ActiveCfg = Debug|x86
		{F85CA97B-B714-4148-B82D-AB0208201935}.Ad-Hoc|x86.Build.0 = Debug|x86
		{F85CA97B-B714-4148-B82D-AB0208201935}.Ad-Hoc|x86.Deploy.0 = Debug|x86
		{F85CA97B-B714-4148-B82D-AB0208201935}.AppStore|Any CPU.ActiveCfg = Debug|ARM
		{F85CA97B-B714-4148-B82D-AB0208201935}.AppStore|Any CPU.Build.0 = Debug|ARM
		{F85CA97B-B714-4148-B82D-AB0208201935}.AppStore|Any CPU.Deploy.0 = Debug|ARM
		{F85CA97B-B714-4148-B82D-AB0208201935}.AppStore|ARM.ActiveCfg = Debug|ARM
		{F85CA97B-B714-4148-B82D-AB0208201935}.AppStore|ARM.Build.0 = Debug|ARM
		{F85CA97B-B714-4148-B82D-AB0208201935}.AppStore|ARM.Deploy.0 = Debug|ARM
		{F85CA97B-B714-4148-B82D-AB0208201935}.AppStore|iPhone.ActiveCfg = Debug|ARM
		{F85CA97B-B714-4148-B82D-AB0208201935}.AppStore|iPhone.Build.0 = Debug|ARM
		{F85CA97B-B714-4148-B82D-AB0208201935}.AppStore|iPhone.Deploy.0 = Debug|ARM
		{F85CA97B-B714-4148-B82D-AB0208201935}.AppStore|iPhoneSimulator.ActiveCfg = Debug|ARM
		{F85CA97B-B714-4148-B82D-AB0208201935}.AppStore|iPhoneSimulator.Build.0 = Debug|ARM
		{F85CA97B-B714-4148-B82D-AB0208201935}.AppStore|iPhoneSimulator.Deploy.0 = Debug|ARM
		{F85CA97B-B714-4148-B82D-AB0208201935}.AppStore|x64.ActiveCfg = Debug|x64
		{F85CA97B-B714-4148-B82D-AB0208201935}.AppStore|x64.Build.0 = Debug|x64
		{F85CA97B-B714-4148-B82D-AB0208201935}.AppStore|x64.Deploy.0 = Debug|x64
		{F85CA97B-B714-4148-B82D-AB0208201935}.AppStore|x86.ActiveCfg = Debug|x86
		{F85CA97B-B714-4148-B82D-AB0208201935}.AppStore|x86.Build.0 = Debug|x86
		{F85CA97B-B714-4148-B82D-AB0208201935}.AppStore|x86.Deploy.0 = Debug|x86
		{F85CA97B-B714-4148-B82D-AB0208201935}.Debug|Any CPU.ActiveCfg = Debug|x86
		{F85CA97B-B714-4148-B82D-AB0208201935}.Debug|ARM.ActiveCfg = Debug|ARM
		{F85CA97B-B714-4148-B82D-AB0208201935}.Debug|ARM.Build.0 = Debug|ARM
		{F85CA97B-B714-4148-B82D-AB0208201935}.Debug|ARM.Deploy.0 = Debug|ARM
		{F85CA97B-B714-4148-B82D-AB0208201935}.Debug|iPhone.ActiveCfg = Debug|x86
		{F85CA97B-B714-4148-B82D-AB0208201935}.Debug|iPhoneSimulator.ActiveCfg = Debug|x86
		{F85CA97B-B714-4148-B82D-AB0208201935}.Debug|x64.ActiveCfg = Debug|x64
		{F85CA97B-B714-4148-B82D-AB0208201935}.Debug|x64.Build.0 = Debug|x64
		{F85CA97B-B714-4148-B82D-AB0208201935}.Debug|x64.Deploy.0 = Debug|x64
		{F85CA97B-B714-4148-B82D-AB0208201935}.Debug|x86.ActiveCfg = Debug|x86
		{F85CA97B-B714-4148-B82D-AB0208201935}.Debug|x86.Build.0 = Debug|x86
		{F85CA97B-B714-4148-B82D-AB0208201935}.Debug|x86.Deploy.0 = Debug|x86
		{F85CA97B-B714-4148-B82D-AB0208201935}.Release|Any CPU.ActiveCfg = Release|x86
		{F85CA97B-B714-4148-B82D-AB0208201935}.Release|ARM.ActiveCfg = Release|ARM
		{F85CA97B-B714-4148-B82D-AB0208201935}.Release|ARM.Build.0 = Release|ARM
		{F85CA97B-B714-4148-B82D-AB0208201935}.Release|ARM.Deploy.0 = Release|ARM
		{F85CA97B-B714-4148-B82D-AB0208201935}.Release|iPhone.ActiveCfg = Release|x86
		{F85CA97B-B714-4148-B82D-AB0208201935}.Release|iPhoneSimulator.ActiveCfg = Release|x86
		{F85CA97B-B714-4148-B82D-AB0208201935}.Release|x64.ActiveCfg = Release|x64
		{F85CA97B-B714-4148-B82D-AB0208201935}.Release|x64.Build.0 = Release|x64
		{F85CA97B-B714-4148-B82D-AB0208201935}.Release|x64.Deploy.0 = Release|x64
		{F85CA97B-B714-4148-B82D-AB0208201935}.Release|x86.ActiveCfg = Release|x86
		{F85CA97B-B714-4148-B82D-AB0208201935}.Release|x86.Build.0 = Release|x86
		{F85CA97B-B714-4148-B82D-AB0208201935}.Release|x86.Deploy.0 = Release|x86
	EndGlobalSection
	GlobalSection(SolutionProperties) = preSolution
		HideSolutionNode = FALSE
	EndGlobalSection
	GlobalSection(ExtensibilityGlobals) = postSolution
		SolutionGuid = {3FDEEA35-A5C8-4A68-8763-B84F46712E93}
	EndGlobalSection
EndGlobal
